
Microsoft Visual Studio Solution File, Format Version 12.00
# Visual Studio Version 16
VisualStudioVersion = 16.0.31702.278
MinimumVisualStudioVersion = 10.0.40219.1
Project("{FAE04EC0-301F-11D3-BF4B-00C04F79EFBC}") = "VariablesFINAL", "VariablesFINAL\VariablesFINAL.csproj", "{7780BE3B-5C79-4E01-AD25-7CA0A202653B}"
EndProject
Project("{2150E333-8FDC-42A3-9474-1A3956D46DE8}") = "Solution Items", "Solution Items", "{F6C83418-9245-42FE-8C41-59FC9CEA8DA9}"
EndProject
Global
	GlobalSection(SolutionConfigurationPlatforms) = preSolution
		Debug|Any CPU = Debug|Any CPU
		Release|Any CPU = Release|Any CPU
	EndGlobalSection
	GlobalSection(ProjectConfigurationPlatforms) = postSolution
		{7780BE3B-5C79-4E01-AD25-7CA0A202653B}.Debug|Any CPU.ActiveCfg = Debug|Any CPU
		{7780BE3B-5C79-4E01-AD25-7CA0A202653B}.Debug|Any CPU.Build.0 = Debug|Any CPU
		{7780BE3B-5C79-4E01-AD25-7CA0A202653B}.Release|Any CPU.ActiveCfg = Release|Any CPU
		{7780BE3B-5C79-4E01-AD25-7CA0A202653B}.Release|Any CPU.Build.0 = Release|Any CPU
	EndGlobalSection
	GlobalSection(SolutionProperties) = preSolution
		HideSolutionNode = FALSE
	EndGlobalSection
	GlobalSection(ExtensibilityGlobals) = postSolution
		SolutionGuid = {E93D5706-735C-4E01-B049-B92A5019C922}
	EndGlobalSection
EndGlobal
